// !$*UTF8*$!
{
	archiveVersion = 1;
	classes = {
	};
	objectVersion = 56;
	objects = {

/* Begin PBXBuildFile section */
		2B3479BF2C1F04DA008C7EE8 /* SidebarViewModel.swift in Sources */ = {isa = PBXBuildFile; fileRef = 2B3479BE2C1F04DA008C7EE8 /* SidebarViewModel.swift */; };
		2B3479C12C1F0D09008C7EE8 /* ContentViewModel.swift in Sources */ = {isa = PBXBuildFile; fileRef = 2B3479C02C1F0D09008C7EE8 /* ContentViewModel.swift */; };
		2B3479C32C1F0DE0008C7EE8 /* IssueRowViewModel.swift in Sources */ = {isa = PBXBuildFile; fileRef = 2B3479C22C1F0DE0008C7EE8 /* IssueRowViewModel.swift */; };
		2B3479C52C1FDB31008C7EE8 /* DataController-Notifications.swift in Sources */ = {isa = PBXBuildFile; fileRef = 2B3479C42C1FDB31008C7EE8 /* DataController-Notifications.swift */; };
		2B66A5C12C18703100481823 /* IssueView.swift in Sources */ = {isa = PBXBuildFile; fileRef = 2B66A5C02C18703100481823 /* IssueView.swift */; };
		2B66A5C32C18703800481823 /* NoIssueView.swift in Sources */ = {isa = PBXBuildFile; fileRef = 2B66A5C22C18703800481823 /* NoIssueView.swift */; };
		2B66A5C52C1AC7D800481823 /* Bundle-Decodable.swift in Sources */ = {isa = PBXBuildFile; fileRef = 2B66A5C42C1AC7D800481823 /* Bundle-Decodable.swift */; };
		2B66A5C92C1ACAC400481823 /* Colors.xcassets in Resources */ = {isa = PBXBuildFile; fileRef = 2B66A5C72C1ACAC400481823 /* Colors.xcassets */; };
		2B66A5CB2C1ACB1300481823 /* Award.swift in Sources */ = {isa = PBXBuildFile; fileRef = 2B66A5CA2C1ACB1300481823 /* Award.swift */; };
		2B66A5CD2C1ACB9A00481823 /* AwardsView.swift in Sources */ = {isa = PBXBuildFile; fileRef = 2B66A5CC2C1ACB9900481823 /* AwardsView.swift */; };
		2B66A5CF2C1BBCCA00481823 /* Localizable.xcstrings in Resources */ = {isa = PBXBuildFile; fileRef = 2B66A5CE2C1BBCCA00481823 /* Localizable.xcstrings */; };
		2B66A5D22C1C7F1B00481823 /* Awards.json in Resources */ = {isa = PBXBuildFile; fileRef = 2B66A5D12C1C7F1B00481823 /* Awards.json */; };
		2B66A5D52C1D1EFA00481823 /* SidebarViewToolbar.swift in Sources */ = {isa = PBXBuildFile; fileRef = 2B66A5D42C1D1EFA00481823 /* SidebarViewToolbar.swift */; };
		2B66A5D72C1D201600481823 /* IssueViewToolbar.swift in Sources */ = {isa = PBXBuildFile; fileRef = 2B66A5D62C1D201600481823 /* IssueViewToolbar.swift */; };
		2B66A5D92C1D207500481823 /* ContentViewToolbar.swift in Sources */ = {isa = PBXBuildFile; fileRef = 2B66A5D82C1D207500481823 /* ContentViewToolbar.swift */; };
		2B66A5DB2C1D21AC00481823 /* TagsMenuView.swift in Sources */ = {isa = PBXBuildFile; fileRef = 2B66A5DA2C1D21AC00481823 /* TagsMenuView.swift */; };
		2B66A5DD2C1D228400481823 /* SmartFilterRow.swift in Sources */ = {isa = PBXBuildFile; fileRef = 2B66A5DC2C1D228400481823 /* SmartFilterRow.swift */; };
		2B66A5DF2C1D22D000481823 /* UserFilterRow.swift in Sources */ = {isa = PBXBuildFile; fileRef = 2B66A5DE2C1D22D000481823 /* UserFilterRow.swift */; };
		2B66A5F22C1D560500481823 /* UltimatePortfolioTests.swift in Sources */ = {isa = PBXBuildFile; fileRef = 2B66A5F12C1D560500481823 /* UltimatePortfolioTests.swift */; };
		2B66A5FA2C1D584F00481823 /* AssetTests.swift in Sources */ = {isa = PBXBuildFile; fileRef = 2B66A5F92C1D584F00481823 /* AssetTests.swift */; };
		2B66A5FC2C1D5A7E00481823 /* TagTests.swift in Sources */ = {isa = PBXBuildFile; fileRef = 2B66A5FB2C1D5A7E00481823 /* TagTests.swift */; };
		2B66A5FE2C1D5D9400481823 /* AwardsTest.swift in Sources */ = {isa = PBXBuildFile; fileRef = 2B66A5FD2C1D5D9400481823 /* AwardsTest.swift */; };
		2B66A6002C1D614500481823 /* DevelopmentTests.swift in Sources */ = {isa = PBXBuildFile; fileRef = 2B66A5FF2C1D614500481823 /* DevelopmentTests.swift */; };
		2B66A6022C1D662600481823 /* ExtensionTests.swift in Sources */ = {isa = PBXBuildFile; fileRef = 2B66A6012C1D662600481823 /* ExtensionTests.swift */; };
		2B66A6052C1D6CE000481823 /* DecodableDictionary.json in Resources */ = {isa = PBXBuildFile; fileRef = 2B66A6042C1D6CE000481823 /* DecodableDictionary.json */; };
		2B66A6072C1D6D0D00481823 /* DecodableString.json in Resources */ = {isa = PBXBuildFile; fileRef = 2B66A6062C1D6D0D00481823 /* DecodableString.json */; };
		2B66A6092C1D737F00481823 /* PerformanceTests.swift in Sources */ = {isa = PBXBuildFile; fileRef = 2B66A6082C1D737F00481823 /* PerformanceTests.swift */; };
		2B66A6112C1D75DE00481823 /* UltimatePortfolioUITests.swift in Sources */ = {isa = PBXBuildFile; fileRef = 2B66A6102C1D75DE00481823 /* UltimatePortfolioUITests.swift */; };
		2B66A6132C1D75DE00481823 /* UltimatePortfolioUITestsLaunchTests.swift in Sources */ = {isa = PBXBuildFile; fileRef = 2B66A6122C1D75DE00481823 /* UltimatePortfolioUITestsLaunchTests.swift */; };
		2BBADAFD2C143F5C0085B397 /* UltimatePortfolioApp.swift in Sources */ = {isa = PBXBuildFile; fileRef = 2BBADAFC2C143F5C0085B397 /* UltimatePortfolioApp.swift */; };
		2BBADB022C143F5C0085B397 /* UltimatePortfolio.xcdatamodeld in Sources */ = {isa = PBXBuildFile; fileRef = 2BBADB002C143F5C0085B397 /* UltimatePortfolio.xcdatamodeld */; };
		2BBADB042C143F5C0085B397 /* ContentView.swift in Sources */ = {isa = PBXBuildFile; fileRef = 2BBADB032C143F5C0085B397 /* ContentView.swift */; };
		2BBADB062C143F5E0085B397 /* Assets.xcassets in Resources */ = {isa = PBXBuildFile; fileRef = 2BBADB052C143F5E0085B397 /* Assets.xcassets */; };
		2BBADB0A2C143F5E0085B397 /* Preview Assets.xcassets in Resources */ = {isa = PBXBuildFile; fileRef = 2BBADB092C143F5E0085B397 /* Preview Assets.xcassets */; };
		2BBADB122C1443410085B397 /* Main.xcdatamodeld in Sources */ = {isa = PBXBuildFile; fileRef = 2BBADB102C1443410085B397 /* Main.xcdatamodeld */; };
		2BBADB142C14456D0085B397 /* DataController.swift in Sources */ = {isa = PBXBuildFile; fileRef = 2BBADB132C14456D0085B397 /* DataController.swift */; };
		2BBADB172C16DBAA0085B397 /* SidebarView.swift in Sources */ = {isa = PBXBuildFile; fileRef = 2BBADB162C16DBAA0085B397 /* SidebarView.swift */; };
		2BBADB192C16DBB80085B397 /* DetailView.swift in Sources */ = {isa = PBXBuildFile; fileRef = 2BBADB182C16DBB80085B397 /* DetailView.swift */; };
		2BBADB1B2C16DCED0085B397 /* Filter.swift in Sources */ = {isa = PBXBuildFile; fileRef = 2BBADB1A2C16DCED0085B397 /* Filter.swift */; };
		2BBADB1D2C16E5170085B397 /* Issue.CoreDataHelpers.swift in Sources */ = {isa = PBXBuildFile; fileRef = 2BBADB1C2C16E5170085B397 /* Issue.CoreDataHelpers.swift */; };
		2BBADB1F2C16E5FC0085B397 /* Tag.CoreDataHelpers.swift in Sources */ = {isa = PBXBuildFile; fileRef = 2BBADB1E2C16E5FC0085B397 /* Tag.CoreDataHelpers.swift */; };
		2BBADB212C172E480085B397 /* IssueRow.swift in Sources */ = {isa = PBXBuildFile; fileRef = 2BBADB202C172E480085B397 /* IssueRow.swift */; };
/* End PBXBuildFile section */

/* Begin PBXContainerItemProxy section */
		2B66A5F32C1D560500481823 /* PBXContainerItemProxy */ = {
			isa = PBXContainerItemProxy;
			containerPortal = 2BBADAF12C143F5C0085B397 /* Project object */;
			proxyType = 1;
			remoteGlobalIDString = 2BBADAF82C143F5C0085B397;
			remoteInfo = UltimatePortfolio;
		};
		2B66A6142C1D75DE00481823 /* PBXContainerItemProxy */ = {
			isa = PBXContainerItemProxy;
			containerPortal = 2BBADAF12C143F5C0085B397 /* Project object */;
			proxyType = 1;
			remoteGlobalIDString = 2BBADAF82C143F5C0085B397;
			remoteInfo = UltimatePortfolio;
		};
/* End PBXContainerItemProxy section */

/* Begin PBXFileReference section */
		2B3479BD2C1DB386008C7EE8 /* UltimatePortfolioUITests.xctestplan */ = {isa = PBXFileReference; lastKnownFileType = text; path = UltimatePortfolioUITests.xctestplan; sourceTree = "<group>"; };
		2B3479BE2C1F04DA008C7EE8 /* SidebarViewModel.swift */ = {isa = PBXFileReference; lastKnownFileType = sourcecode.swift; path = SidebarViewModel.swift; sourceTree = "<group>"; };
		2B3479C02C1F0D09008C7EE8 /* ContentViewModel.swift */ = {isa = PBXFileReference; lastKnownFileType = sourcecode.swift; path = ContentViewModel.swift; sourceTree = "<group>"; };
		2B3479C22C1F0DE0008C7EE8 /* IssueRowViewModel.swift */ = {isa = PBXFileReference; lastKnownFileType = sourcecode.swift; path = IssueRowViewModel.swift; sourceTree = SOURCE_ROOT; };
		2B3479C42C1FDB31008C7EE8 /* DataController-Notifications.swift */ = {isa = PBXFileReference; lastKnownFileType = sourcecode.swift; path = "DataController-Notifications.swift"; sourceTree = "<group>"; };
		2B66A5C02C18703100481823 /* IssueView.swift */ = {isa = PBXFileReference; lastKnownFileType = sourcecode.swift; path = IssueView.swift; sourceTree = "<group>"; };
		2B66A5C22C18703800481823 /* NoIssueView.swift */ = {isa = PBXFileReference; lastKnownFileType = sourcecode.swift; path = NoIssueView.swift; sourceTree = "<group>"; };
		2B66A5C42C1AC7D800481823 /* Bundle-Decodable.swift */ = {isa = PBXFileReference; lastKnownFileType = sourcecode.swift; path = "Bundle-Decodable.swift"; sourceTree = "<group>"; };
		2B66A5C72C1ACAC400481823 /* Colors.xcassets */ = {isa = PBXFileReference; lastKnownFileType = folder.assetcatalog; path = Colors.xcassets; sourceTree = "<group>"; };
		2B66A5CA2C1ACB1300481823 /* Award.swift */ = {isa = PBXFileReference; lastKnownFileType = sourcecode.swift; path = Award.swift; sourceTree = "<group>"; };
		2B66A5CC2C1ACB9900481823 /* AwardsView.swift */ = {isa = PBXFileReference; lastKnownFileType = sourcecode.swift; path = AwardsView.swift; sourceTree = "<group>"; };
		2B66A5CE2C1BBCCA00481823 /* Localizable.xcstrings */ = {isa = PBXFileReference; lastKnownFileType = text.json.xcstrings; path = Localizable.xcstrings; sourceTree = "<group>"; };
		2B66A5D02C1C7F1B00481823 /* en */ = {isa = PBXFileReference; lastKnownFileType = text.json; name = en; path = en.lproj/Awards.json; sourceTree = "<group>"; };
		2B66A5D32C1C7F7500481823 /* hu */ = {isa = PBXFileReference; lastKnownFileType = text.json; name = hu; path = hu.lproj/Awards.json; sourceTree = "<group>"; };
		2B66A5D42C1D1EFA00481823 /* SidebarViewToolbar.swift */ = {isa = PBXFileReference; lastKnownFileType = sourcecode.swift; path = SidebarViewToolbar.swift; sourceTree = "<group>"; };
		2B66A5D62C1D201600481823 /* IssueViewToolbar.swift */ = {isa = PBXFileReference; lastKnownFileType = sourcecode.swift; path = IssueViewToolbar.swift; sourceTree = "<group>"; };
		2B66A5D82C1D207500481823 /* ContentViewToolbar.swift */ = {isa = PBXFileReference; lastKnownFileType = sourcecode.swift; path = ContentViewToolbar.swift; sourceTree = "<group>"; };
		2B66A5DA2C1D21AC00481823 /* TagsMenuView.swift */ = {isa = PBXFileReference; lastKnownFileType = sourcecode.swift; path = TagsMenuView.swift; sourceTree = "<group>"; };
		2B66A5DC2C1D228400481823 /* SmartFilterRow.swift */ = {isa = PBXFileReference; lastKnownFileType = sourcecode.swift; path = SmartFilterRow.swift; sourceTree = "<group>"; };
		2B66A5DE2C1D22D000481823 /* UserFilterRow.swift */ = {isa = PBXFileReference; lastKnownFileType = sourcecode.swift; path = UserFilterRow.swift; sourceTree = "<group>"; };
		2B66A5EF2C1D560500481823 /* UltimatePortfolioTests.xctest */ = {isa = PBXFileReference; explicitFileType = wrapper.cfbundle; includeInIndex = 0; path = UltimatePortfolioTests.xctest; sourceTree = BUILT_PRODUCTS_DIR; };
		2B66A5F12C1D560500481823 /* UltimatePortfolioTests.swift */ = {isa = PBXFileReference; lastKnownFileType = sourcecode.swift; path = UltimatePortfolioTests.swift; sourceTree = "<group>"; };
		2B66A5F82C1D56E600481823 /* UltimatePortfolioTests.xctestplan */ = {isa = PBXFileReference; lastKnownFileType = text; path = UltimatePortfolioTests.xctestplan; sourceTree = SOURCE_ROOT; };
		2B66A5F92C1D584F00481823 /* AssetTests.swift */ = {isa = PBXFileReference; lastKnownFileType = sourcecode.swift; path = AssetTests.swift; sourceTree = "<group>"; };
		2B66A5FB2C1D5A7E00481823 /* TagTests.swift */ = {isa = PBXFileReference; lastKnownFileType = sourcecode.swift; path = TagTests.swift; sourceTree = "<group>"; };
		2B66A5FD2C1D5D9400481823 /* AwardsTest.swift */ = {isa = PBXFileReference; lastKnownFileType = sourcecode.swift; path = AwardsTest.swift; sourceTree = "<group>"; };
		2B66A5FF2C1D614500481823 /* DevelopmentTests.swift */ = {isa = PBXFileReference; lastKnownFileType = sourcecode.swift; path = DevelopmentTests.swift; sourceTree = "<group>"; };
		2B66A6012C1D662600481823 /* ExtensionTests.swift */ = {isa = PBXFileReference; lastKnownFileType = sourcecode.swift; path = ExtensionTests.swift; sourceTree = "<group>"; };
		2B66A6042C1D6CE000481823 /* DecodableDictionary.json */ = {isa = PBXFileReference; lastKnownFileType = text.json; path = DecodableDictionary.json; sourceTree = "<group>"; };
		2B66A6062C1D6D0D00481823 /* DecodableString.json */ = {isa = PBXFileReference; lastKnownFileType = text.json; path = DecodableString.json; sourceTree = "<group>"; };
		2B66A6082C1D737F00481823 /* PerformanceTests.swift */ = {isa = PBXFileReference; lastKnownFileType = sourcecode.swift; path = PerformanceTests.swift; sourceTree = "<group>"; };
		2B66A60E2C1D75DE00481823 /* UltimatePortfolioUITests.xctest */ = {isa = PBXFileReference; explicitFileType = wrapper.cfbundle; includeInIndex = 0; path = UltimatePortfolioUITests.xctest; sourceTree = BUILT_PRODUCTS_DIR; };
		2B66A6102C1D75DE00481823 /* UltimatePortfolioUITests.swift */ = {isa = PBXFileReference; lastKnownFileType = sourcecode.swift; path = UltimatePortfolioUITests.swift; sourceTree = "<group>"; };
		2B66A6122C1D75DE00481823 /* UltimatePortfolioUITestsLaunchTests.swift */ = {isa = PBXFileReference; lastKnownFileType = sourcecode.swift; path = UltimatePortfolioUITestsLaunchTests.swift; sourceTree = "<group>"; };
		2BBADAF92C143F5C0085B397 /* UltimatePortfolio.app */ = {isa = PBXFileReference; explicitFileType = wrapper.application; includeInIndex = 0; path = UltimatePortfolio.app; sourceTree = BUILT_PRODUCTS_DIR; };
		2BBADAFC2C143F5C0085B397 /* UltimatePortfolioApp.swift */ = {isa = PBXFileReference; lastKnownFileType = sourcecode.swift; path = UltimatePortfolioApp.swift; sourceTree = "<group>"; };
		2BBADB012C143F5C0085B397 /* UltimatePortfolio.xcdatamodel */ = {isa = PBXFileReference; lastKnownFileType = wrapper.xcdatamodel; path = UltimatePortfolio.xcdatamodel; sourceTree = "<group>"; };
		2BBADB032C143F5C0085B397 /* ContentView.swift */ = {isa = PBXFileReference; lastKnownFileType = sourcecode.swift; path = ContentView.swift; sourceTree = "<group>"; };
		2BBADB052C143F5E0085B397 /* Assets.xcassets */ = {isa = PBXFileReference; lastKnownFileType = folder.assetcatalog; path = Assets.xcassets; sourceTree = "<group>"; };
		2BBADB072C143F5E0085B397 /* UltimatePortfolio.entitlements */ = {isa = PBXFileReference; lastKnownFileType = text.plist.entitlements; path = UltimatePortfolio.entitlements; sourceTree = "<group>"; };
		2BBADB092C143F5E0085B397 /* Preview Assets.xcassets */ = {isa = PBXFileReference; lastKnownFileType = folder.assetcatalog; path = "Preview Assets.xcassets"; sourceTree = "<group>"; };
		2BBADB112C1443410085B397 /* Main.xcdatamodel */ = {isa = PBXFileReference; lastKnownFileType = wrapper.xcdatamodel; path = Main.xcdatamodel; sourceTree = "<group>"; };
		2BBADB132C14456D0085B397 /* DataController.swift */ = {isa = PBXFileReference; lastKnownFileType = sourcecode.swift; path = DataController.swift; sourceTree = "<group>"; };
		2BBADB152C144BEF0085B397 /* Info.plist */ = {isa = PBXFileReference; lastKnownFileType = text.plist.xml; path = Info.plist; sourceTree = "<group>"; };
		2BBADB162C16DBAA0085B397 /* SidebarView.swift */ = {isa = PBXFileReference; lastKnownFileType = sourcecode.swift; path = SidebarView.swift; sourceTree = "<group>"; };
		2BBADB182C16DBB80085B397 /* DetailView.swift */ = {isa = PBXFileReference; lastKnownFileType = sourcecode.swift; path = DetailView.swift; sourceTree = "<group>"; };
		2BBADB1A2C16DCED0085B397 /* Filter.swift */ = {isa = PBXFileReference; lastKnownFileType = sourcecode.swift; path = Filter.swift; sourceTree = "<group>"; };
		2BBADB1C2C16E5170085B397 /* Issue.CoreDataHelpers.swift */ = {isa = PBXFileReference; lastKnownFileType = sourcecode.swift; path = Issue.CoreDataHelpers.swift; sourceTree = "<group>"; };
		2BBADB1E2C16E5FC0085B397 /* Tag.CoreDataHelpers.swift */ = {isa = PBXFileReference; lastKnownFileType = sourcecode.swift; path = Tag.CoreDataHelpers.swift; sourceTree = "<group>"; };
		2BBADB202C172E480085B397 /* IssueRow.swift */ = {isa = PBXFileReference; lastKnownFileType = sourcecode.swift; path = IssueRow.swift; sourceTree = "<group>"; };
/* End PBXFileReference section */

/* Begin PBXFrameworksBuildPhase section */
		2B66A5EC2C1D560500481823 /* Frameworks */ = {
			isa = PBXFrameworksBuildPhase;
			buildActionMask = 2147483647;
			files = (
			);
			runOnlyForDeploymentPostprocessing = 0;
		};
		2B66A60B2C1D75DE00481823 /* Frameworks */ = {
			isa = PBXFrameworksBuildPhase;
			buildActionMask = 2147483647;
			files = (
			);
			runOnlyForDeploymentPostprocessing = 0;
		};
		2BBADAF62C143F5C0085B397 /* Frameworks */ = {
			isa = PBXFrameworksBuildPhase;
			buildActionMask = 2147483647;
			files = (
			);
			runOnlyForDeploymentPostprocessing = 0;
		};
/* End PBXFrameworksBuildPhase section */

/* Begin PBXGroup section */
		2B66A5E22C1D4FB900481823 /* Filters */ = {
			isa = PBXGroup;
			children = (
				2B66A5DE2C1D22D000481823 /* UserFilterRow.swift */,
				2B66A5DC2C1D228400481823 /* SmartFilterRow.swift */,
				2B66A5D42C1D1EFA00481823 /* SidebarViewToolbar.swift */,
				2BBADB1A2C16DCED0085B397 /* Filter.swift */,
				2BBADB162C16DBAA0085B397 /* SidebarView.swift */,
				2B3479BE2C1F04DA008C7EE8 /* SidebarViewModel.swift */,
			);
			path = Filters;
			sourceTree = "<group>";
		};
		2B66A5E32C1D4FE600481823 /* Issues */ = {
			isa = PBXGroup;
			children = (
				2B3479C22C1F0DE0008C7EE8 /* IssueRowViewModel.swift */,
				2BBADB202C172E480085B397 /* IssueRow.swift */,
				2BBADB032C143F5C0085B397 /* ContentView.swift */,
				2B3479C02C1F0D09008C7EE8 /* ContentViewModel.swift */,
				2B66A5D82C1D207500481823 /* ContentViewToolbar.swift */,
			);
			path = Issues;
			sourceTree = "<group>";
		};
		2B66A5E42C1D4FF500481823 /* Editing */ = {
			isa = PBXGroup;
			children = (
				2BBADB182C16DBB80085B397 /* DetailView.swift */,
				2B66A5C02C18703100481823 /* IssueView.swift */,
				2B66A5DA2C1D21AC00481823 /* TagsMenuView.swift */,
				2B66A5D62C1D201600481823 /* IssueViewToolbar.swift */,
				2B66A5C22C18703800481823 /* NoIssueView.swift */,
			);
			path = Editing;
			sourceTree = "<group>";
		};
		2B66A5E52C1D500D00481823 /* Awards */ = {
			isa = PBXGroup;
			children = (
				2B66A5CA2C1ACB1300481823 /* Award.swift */,
				2B66A5CC2C1ACB9900481823 /* AwardsView.swift */,
				2B66A5D12C1C7F1B00481823 /* Awards.json */,
			);
			path = Awards;
			sourceTree = "<group>";
		};
		2B66A5E62C1D502900481823 /* Extensions */ = {
			isa = PBXGroup;
			children = (
				2B66A5C42C1AC7D800481823 /* Bundle-Decodable.swift */,
				2BBADB1C2C16E5170085B397 /* Issue.CoreDataHelpers.swift */,
				2BBADB1E2C16E5FC0085B397 /* Tag.CoreDataHelpers.swift */,
			);
			path = Extensions;
			sourceTree = "<group>";
		};
		2B66A5E82C1D50AD00481823 /* Localisation */ = {
			isa = PBXGroup;
			children = (
				2B66A5CE2C1BBCCA00481823 /* Localizable.xcstrings */,
			);
			path = Localisation;
			sourceTree = "<group>";
		};
		2B66A5E92C1D50CC00481823 /* Configuration */ = {
			isa = PBXGroup;
			children = (
				2BBADB002C143F5C0085B397 /* UltimatePortfolio.xcdatamodeld */,
				2BBADB102C1443410085B397 /* Main.xcdatamodeld */,
				2BBADB152C144BEF0085B397 /* Info.plist */,
				2BBADB072C143F5E0085B397 /* UltimatePortfolio.entitlements */,
			);
			path = Configuration;
			sourceTree = "<group>";
		};
		2B66A5EA2C1D512F00481823 /* Assets */ = {
			isa = PBXGroup;
			children = (
				2BBADB052C143F5E0085B397 /* Assets.xcassets */,
				2B66A5C72C1ACAC400481823 /* Colors.xcassets */,
			);
			path = Assets;
			sourceTree = "<group>";
		};
		2B66A5F02C1D560500481823 /* UltimatePortfolioTests */ = {
			isa = PBXGroup;
			children = (
				2B66A6032C1D6CC400481823 /* Fixtures */,
				2B66A5FF2C1D614500481823 /* DevelopmentTests.swift */,
				2B66A6012C1D662600481823 /* ExtensionTests.swift */,
				2B66A6082C1D737F00481823 /* PerformanceTests.swift */,
				2B66A5FD2C1D5D9400481823 /* AwardsTest.swift */,
				2B66A5F82C1D56E600481823 /* UltimatePortfolioTests.xctestplan */,
				2B66A5F12C1D560500481823 /* UltimatePortfolioTests.swift */,
				2B66A5FB2C1D5A7E00481823 /* TagTests.swift */,
				2B66A5F92C1D584F00481823 /* AssetTests.swift */,
			);
			path = UltimatePortfolioTests;
			sourceTree = "<group>";
		};
		2B66A6032C1D6CC400481823 /* Fixtures */ = {
			isa = PBXGroup;
			children = (
				2B66A6042C1D6CE000481823 /* DecodableDictionary.json */,
				2B66A6062C1D6D0D00481823 /* DecodableString.json */,
			);
			path = Fixtures;
			sourceTree = "<group>";
		};
		2B66A60F2C1D75DE00481823 /* UltimatePortfolioUITests */ = {
			isa = PBXGroup;
			children = (
				2B3479BD2C1DB386008C7EE8 /* UltimatePortfolioUITests.xctestplan */,
				2B66A6102C1D75DE00481823 /* UltimatePortfolioUITests.swift */,
				2B66A6122C1D75DE00481823 /* UltimatePortfolioUITestsLaunchTests.swift */,
			);
			path = UltimatePortfolioUITests;
			sourceTree = "<group>";
		};
		2BBADAF02C143F5C0085B397 = {
			isa = PBXGroup;
			children = (
				2BBADAFB2C143F5C0085B397 /* UltimatePortfolio */,
				2B66A5F02C1D560500481823 /* UltimatePortfolioTests */,
				2B66A60F2C1D75DE00481823 /* UltimatePortfolioUITests */,
				2BBADAFA2C143F5C0085B397 /* Products */,
			);
			sourceTree = "<group>";
		};
		2BBADAFA2C143F5C0085B397 /* Products */ = {
			isa = PBXGroup;
			children = (
				2BBADAF92C143F5C0085B397 /* UltimatePortfolio.app */,
				2B66A5EF2C1D560500481823 /* UltimatePortfolioTests.xctest */,
				2B66A60E2C1D75DE00481823 /* UltimatePortfolioUITests.xctest */,
			);
			name = Products;
			sourceTree = "<group>";
		};
		2BBADAFB2C143F5C0085B397 /* UltimatePortfolio */ = {
			isa = PBXGroup;
			children = (
				2B66A5EA2C1D512F00481823 /* Assets */,
				2B66A5E92C1D50CC00481823 /* Configuration */,
				2B66A5E82C1D50AD00481823 /* Localisation */,
				2B66A5E62C1D502900481823 /* Extensions */,
				2B66A5E52C1D500D00481823 /* Awards */,
				2B66A5E42C1D4FF500481823 /* Editing */,
				2B66A5E32C1D4FE600481823 /* Issues */,
				2B66A5E22C1D4FB900481823 /* Filters */,
				2BBADAFC2C143F5C0085B397 /* UltimatePortfolioApp.swift */,
				2BBADB132C14456D0085B397 /* DataController.swift */,
				2B3479C42C1FDB31008C7EE8 /* DataController-Notifications.swift */,
				2BBADB082C143F5E0085B397 /* Preview Content */,
			);
			path = UltimatePortfolio;
			sourceTree = "<group>";
		};
		2BBADB082C143F5E0085B397 /* Preview Content */ = {
			isa = PBXGroup;
			children = (
				2BBADB092C143F5E0085B397 /* Preview Assets.xcassets */,
			);
			path = "Preview Content";
			sourceTree = "<group>";
		};
/* End PBXGroup section */

/* Begin PBXNativeTarget section */
		2B66A5EE2C1D560500481823 /* UltimatePortfolioTests */ = {
			isa = PBXNativeTarget;
			buildConfigurationList = 2B66A5F52C1D560500481823 /* Build configuration list for PBXNativeTarget "UltimatePortfolioTests" */;
			buildPhases = (
				2B66A5EB2C1D560500481823 /* Sources */,
				2B66A5EC2C1D560500481823 /* Frameworks */,
				2B66A5ED2C1D560500481823 /* Resources */,
			);
			buildRules = (
			);
			dependencies = (
				2B66A5F42C1D560500481823 /* PBXTargetDependency */,
			);
			name = UltimatePortfolioTests;
			productName = UltimatePortfolioUITests;
			productReference = 2B66A5EF2C1D560500481823 /* UltimatePortfolioTests.xctest */;
			productType = "com.apple.product-type.bundle.unit-test";
		};
		2B66A60D2C1D75DE00481823 /* UltimatePortfolioUITests */ = {
			isa = PBXNativeTarget;
			buildConfigurationList = 2B66A6162C1D75DE00481823 /* Build configuration list for PBXNativeTarget "UltimatePortfolioUITests" */;
			buildPhases = (
				2B66A60A2C1D75DE00481823 /* Sources */,
				2B66A60B2C1D75DE00481823 /* Frameworks */,
				2B66A60C2C1D75DE00481823 /* Resources */,
			);
			buildRules = (
			);
			dependencies = (
				2B66A6152C1D75DE00481823 /* PBXTargetDependency */,
			);
			name = UltimatePortfolioUITests;
			productName = UltimatePortfolioUITests;
			productReference = 2B66A60E2C1D75DE00481823 /* UltimatePortfolioUITests.xctest */;
			productType = "com.apple.product-type.bundle.ui-testing";
		};
		2BBADAF82C143F5C0085B397 /* UltimatePortfolio */ = {
			isa = PBXNativeTarget;
			buildConfigurationList = 2BBADB0D2C143F5E0085B397 /* Build configuration list for PBXNativeTarget "UltimatePortfolio" */;
			buildPhases = (
				2BBADAF52C143F5C0085B397 /* Sources */,
				2BBADAF62C143F5C0085B397 /* Frameworks */,
				2BBADAF72C143F5C0085B397 /* Resources */,
				2B66A5E12C1D2D9D00481823 /* SwiftLint */,
			);
			buildRules = (
			);
			dependencies = (
			);
			name = UltimatePortfolio;
			productName = UltimatePortfolio;
			productReference = 2BBADAF92C143F5C0085B397 /* UltimatePortfolio.app */;
			productType = "com.apple.product-type.application";
		};
/* End PBXNativeTarget section */

/* Begin PBXProject section */
		2BBADAF12C143F5C0085B397 /* Project object */ = {
			isa = PBXProject;
			attributes = {
				BuildIndependentTargetsInParallel = 1;
				LastSwiftUpdateCheck = 1540;
				LastUpgradeCheck = 1540;
				TargetAttributes = {
					2B66A5EE2C1D560500481823 = {
						CreatedOnToolsVersion = 15.4;
						TestTargetID = 2BBADAF82C143F5C0085B397;
					};
					2B66A60D2C1D75DE00481823 = {
						CreatedOnToolsVersion = 15.4;
						TestTargetID = 2BBADAF82C143F5C0085B397;
					};
					2BBADAF82C143F5C0085B397 = {
						CreatedOnToolsVersion = 15.4;
					};
				};
			};
			buildConfigurationList = 2BBADAF42C143F5C0085B397 /* Build configuration list for PBXProject "UltimatePortfolio" */;
			compatibilityVersion = "Xcode 14.0";
			developmentRegion = en;
			hasScannedForEncodings = 0;
			knownRegions = (
				en,
				hu,
				Base,
			);
			mainGroup = 2BBADAF02C143F5C0085B397;
			productRefGroup = 2BBADAFA2C143F5C0085B397 /* Products */;
			projectDirPath = "";
			projectRoot = "";
			targets = (
				2BBADAF82C143F5C0085B397 /* UltimatePortfolio */,
				2B66A5EE2C1D560500481823 /* UltimatePortfolioTests */,
				2B66A60D2C1D75DE00481823 /* UltimatePortfolioUITests */,
			);
		};
/* End PBXProject section */

/* Begin PBXResourcesBuildPhase section */
		2B66A5ED2C1D560500481823 /* Resources */ = {
			isa = PBXResourcesBuildPhase;
			buildActionMask = 2147483647;
			files = (
				2B66A6072C1D6D0D00481823 /* DecodableString.json in Resources */,
				2B66A6052C1D6CE000481823 /* DecodableDictionary.json in Resources */,
			);
			runOnlyForDeploymentPostprocessing = 0;
		};
		2B66A60C2C1D75DE00481823 /* Resources */ = {
			isa = PBXResourcesBuildPhase;
			buildActionMask = 2147483647;
			files = (
			);
			runOnlyForDeploymentPostprocessing = 0;
		};
		2BBADAF72C143F5C0085B397 /* Resources */ = {
			isa = PBXResourcesBuildPhase;
			buildActionMask = 2147483647;
			files = (
				2BBADB0A2C143F5E0085B397 /* Preview Assets.xcassets in Resources */,
				2B66A5CF2C1BBCCA00481823 /* Localizable.xcstrings in Resources */,
				2B66A5C92C1ACAC400481823 /* Colors.xcassets in Resources */,
				2B66A5D22C1C7F1B00481823 /* Awards.json in Resources */,
				2BBADB062C143F5E0085B397 /* Assets.xcassets in Resources */,
			);
			runOnlyForDeploymentPostprocessing = 0;
		};
/* End PBXResourcesBuildPhase section */

/* Begin PBXShellScriptBuildPhase section */
		2B66A5E12C1D2D9D00481823 /* SwiftLint */ = {
			isa = PBXShellScriptBuildPhase;
			alwaysOutOfDate = 1;
			buildActionMask = 2147483647;
			files = (
			);
			inputFileListPaths = (
			);
			inputPaths = (
			);
			name = SwiftLint;
			outputFileListPaths = (
			);
			outputPaths = (
			);
			runOnlyForDeploymentPostprocessing = 0;
			shellPath = /bin/sh;
			shellScript = "# Type a script or drag a script file from your workspace to insert its path.\nif [[ \"$(uname -m)\" == arm64 ]]; then\n    export PATH=\"/opt/homebrew/bin:$PATH\"\nfi\n\nif which swiftlint > /dev/null; then\n  swiftlint\nelse\n  echo \"warning: SwiftLint not installed, download from https://github.com/realm/SwiftLint\"\nfi\n";
		};
/* End PBXShellScriptBuildPhase section */

/* Begin PBXSourcesBuildPhase section */
		2B66A5EB2C1D560500481823 /* Sources */ = {
			isa = PBXSourcesBuildPhase;
			buildActionMask = 2147483647;
			files = (
				2B66A6092C1D737F00481823 /* PerformanceTests.swift in Sources */,
				2B66A5FA2C1D584F00481823 /* AssetTests.swift in Sources */,
				2B66A5FE2C1D5D9400481823 /* AwardsTest.swift in Sources */,
				2B66A5FC2C1D5A7E00481823 /* TagTests.swift in Sources */,
				2B66A6022C1D662600481823 /* ExtensionTests.swift in Sources */,
				2B66A5F22C1D560500481823 /* UltimatePortfolioTests.swift in Sources */,
				2B66A6002C1D614500481823 /* DevelopmentTests.swift in Sources */,
			);
			runOnlyForDeploymentPostprocessing = 0;
		};
		2B66A60A2C1D75DE00481823 /* Sources */ = {
			isa = PBXSourcesBuildPhase;
			buildActionMask = 2147483647;
			files = (
				2B66A6132C1D75DE00481823 /* UltimatePortfolioUITestsLaunchTests.swift in Sources */,
				2B66A6112C1D75DE00481823 /* UltimatePortfolioUITests.swift in Sources */,
			);
			runOnlyForDeploymentPostprocessing = 0;
		};
		2BBADAF52C143F5C0085B397 /* Sources */ = {
			isa = PBXSourcesBuildPhase;
			buildActionMask = 2147483647;
			files = (
				2B66A5DB2C1D21AC00481823 /* TagsMenuView.swift in Sources */,
				2B66A5D72C1D201600481823 /* IssueViewToolbar.swift in Sources */,
				2B66A5D92C1D207500481823 /* ContentViewToolbar.swift in Sources */,
				2BBADAFD2C143F5C0085B397 /* UltimatePortfolioApp.swift in Sources */,
				2BBADB142C14456D0085B397 /* DataController.swift in Sources */,
				2BBADB212C172E480085B397 /* IssueRow.swift in Sources */,
				2BBADB1F2C16E5FC0085B397 /* Tag.CoreDataHelpers.swift in Sources */,
				2BBADB042C143F5C0085B397 /* ContentView.swift in Sources */,
				2B3479C12C1F0D09008C7EE8 /* ContentViewModel.swift in Sources */,
				2B3479BF2C1F04DA008C7EE8 /* SidebarViewModel.swift in Sources */,
				2B66A5C52C1AC7D800481823 /* Bundle-Decodable.swift in Sources */,
				2B66A5C32C18703800481823 /* NoIssueView.swift in Sources */,
				2B3479C52C1FDB31008C7EE8 /* DataController-Notifications.swift in Sources */,
				2BBADB192C16DBB80085B397 /* DetailView.swift in Sources */,
				2B66A5DD2C1D228400481823 /* SmartFilterRow.swift in Sources */,
				2B66A5CD2C1ACB9A00481823 /* AwardsView.swift in Sources */,
				2BBADB1D2C16E5170085B397 /* Issue.CoreDataHelpers.swift in Sources */,
				2BBADB022C143F5C0085B397 /* UltimatePortfolio.xcdatamodeld in Sources */,
				2BBADB1B2C16DCED0085B397 /* Filter.swift in Sources */,
				2BBADB122C1443410085B397 /* Main.xcdatamodeld in Sources */,
				2B66A5DF2C1D22D000481823 /* UserFilterRow.swift in Sources */,
				2B66A5C12C18703100481823 /* IssueView.swift in Sources */,
				2B66A5CB2C1ACB1300481823 /* Award.swift in Sources */,
				2BBADB172C16DBAA0085B397 /* SidebarView.swift in Sources */,
				2B66A5D52C1D1EFA00481823 /* SidebarViewToolbar.swift in Sources */,
				2B3479C32C1F0DE0008C7EE8 /* IssueRowViewModel.swift in Sources */,
			);
			runOnlyForDeploymentPostprocessing = 0;
		};
/* End PBXSourcesBuildPhase section */

/* Begin PBXTargetDependency section */
		2B66A5F42C1D560500481823 /* PBXTargetDependency */ = {
			isa = PBXTargetDependency;
			target = 2BBADAF82C143F5C0085B397 /* UltimatePortfolio */;
			targetProxy = 2B66A5F32C1D560500481823 /* PBXContainerItemProxy */;
		};
		2B66A6152C1D75DE00481823 /* PBXTargetDependency */ = {
			isa = PBXTargetDependency;
			target = 2BBADAF82C143F5C0085B397 /* UltimatePortfolio */;
			targetProxy = 2B66A6142C1D75DE00481823 /* PBXContainerItemProxy */;
		};
/* End PBXTargetDependency section */

/* Begin PBXVariantGroup section */
		2B66A5D12C1C7F1B00481823 /* Awards.json */ = {
			isa = PBXVariantGroup;
			children = (
				2B66A5D02C1C7F1B00481823 /* en */,
				2B66A5D32C1C7F7500481823 /* hu */,
			);
			name = Awards.json;
			sourceTree = "<group>";
		};
/* End PBXVariantGroup section */

/* Begin XCBuildConfiguration section */
		2B66A5F62C1D560500481823 /* Debug */ = {
			isa = XCBuildConfiguration;
			buildSettings = {
				BUNDLE_LOADER = "$(TEST_HOST)";
				CODE_SIGN_STYLE = Automatic;
				CURRENT_PROJECT_VERSION = 1;
				DEVELOPMENT_TEAM = VPNR8289C6;
				GENERATE_INFOPLIST_FILE = YES;
				IPHONEOS_DEPLOYMENT_TARGET = 17.5;
				MARKETING_VERSION = 1.0;
				PRODUCT_BUNDLE_IDENTIFIER = avdn.dev.UltimatePortfolioTests;
				PRODUCT_NAME = "$(TARGET_NAME)";
				SDKROOT = iphoneos;
				SWIFT_EMIT_LOC_STRINGS = NO;
				SWIFT_VERSION = 5.0;
				TARGETED_DEVICE_FAMILY = "1,2";
				TEST_HOST = "$(BUILT_PRODUCTS_DIR)/UltimatePortfolio.app/$(BUNDLE_EXECUTABLE_FOLDER_PATH)/UltimatePortfolio";
			};
			name = Debug;
		};
		2B66A5F72C1D560500481823 /* Release */ = {
			isa = XCBuildConfiguration;
			buildSettings = {
				BUNDLE_LOADER = "$(TEST_HOST)";
				CODE_SIGN_STYLE = Automatic;
				CURRENT_PROJECT_VERSION = 1;
				DEVELOPMENT_TEAM = VPNR8289C6;
				GENERATE_INFOPLIST_FILE = YES;
				IPHONEOS_DEPLOYMENT_TARGET = 17.5;
				MARKETING_VERSION = 1.0;
				PRODUCT_BUNDLE_IDENTIFIER = avdn.dev.UltimatePortfolioTests;
				PRODUCT_NAME = "$(TARGET_NAME)";
				SDKROOT = iphoneos;
				SWIFT_EMIT_LOC_STRINGS = NO;
				SWIFT_VERSION = 5.0;
				TARGETED_DEVICE_FAMILY = "1,2";
				TEST_HOST = "$(BUILT_PRODUCTS_DIR)/UltimatePortfolio.app/$(BUNDLE_EXECUTABLE_FOLDER_PATH)/UltimatePortfolio";
				VALIDATE_PRODUCT = YES;
			};
			name = Release;
		};
		2B66A6172C1D75DE00481823 /* Debug */ = {
			isa = XCBuildConfiguration;
			buildSettings = {
				CODE_SIGN_STYLE = Automatic;
				CURRENT_PROJECT_VERSION = 1;
				DEVELOPMENT_TEAM = VPNR8289C6;
				GENERATE_INFOPLIST_FILE = YES;
				IPHONEOS_DEPLOYMENT_TARGET = 17.5;
				MARKETING_VERSION = 1.0;
				PRODUCT_BUNDLE_IDENTIFIER = avdn.dev.UltimatePortfolioUITests;
				PRODUCT_NAME = "$(TARGET_NAME)";
				SDKROOT = iphoneos;
				SWIFT_EMIT_LOC_STRINGS = NO;
				SWIFT_VERSION = 5.0;
				TARGETED_DEVICE_FAMILY = "1,2";
				TEST_TARGET_NAME = UltimatePortfolio;
			};
			name = Debug;
		};
		2B66A6182C1D75DE00481823 /* Release */ = {
			isa = XCBuildConfiguration;
			buildSettings = {
				CODE_SIGN_STYLE = Automatic;
				CURRENT_PROJECT_VERSION = 1;
				DEVELOPMENT_TEAM = VPNR8289C6;
				GENERATE_INFOPLIST_FILE = YES;
				IPHONEOS_DEPLOYMENT_TARGET = 17.5;
				MARKETING_VERSION = 1.0;
				PRODUCT_BUNDLE_IDENTIFIER = avdn.dev.UltimatePortfolioUITests;
				PRODUCT_NAME = "$(TARGET_NAME)";
				SDKROOT = iphoneos;
				SWIFT_EMIT_LOC_STRINGS = NO;
				SWIFT_VERSION = 5.0;
				TARGETED_DEVICE_FAMILY = "1,2";
				TEST_TARGET_NAME = UltimatePortfolio;
				VALIDATE_PRODUCT = YES;
			};
			name = Release;
		};
		2BBADB0B2C143F5E0085B397 /* Debug */ = {
			isa = XCBuildConfiguration;
			buildSettings = {
				ALWAYS_SEARCH_USER_PATHS = NO;
				ASSETCATALOG_COMPILER_GENERATE_SWIFT_ASSET_SYMBOL_EXTENSIONS = YES;
				CLANG_ANALYZER_NONNULL = YES;
				CLANG_ANALYZER_NUMBER_OBJECT_CONVERSION = YES_AGGRESSIVE;
				CLANG_CXX_LANGUAGE_STANDARD = "gnu++20";
				CLANG_ENABLE_MODULES = YES;
				CLANG_ENABLE_OBJC_ARC = YES;
				CLANG_ENABLE_OBJC_WEAK = YES;
				CLANG_WARN_BLOCK_CAPTURE_AUTORELEASING = YES;
				CLANG_WARN_BOOL_CONVERSION = YES;
				CLANG_WARN_COMMA = YES;
				CLANG_WARN_CONSTANT_CONVERSION = YES;
				CLANG_WARN_DEPRECATED_OBJC_IMPLEMENTATIONS = YES;
				CLANG_WARN_DIRECT_OBJC_ISA_USAGE = YES_ERROR;
				CLANG_WARN_DOCUMENTATION_COMMENTS = YES;
				CLANG_WARN_EMPTY_BODY = YES;
				CLANG_WARN_ENUM_CONVERSION = YES;
				CLANG_WARN_INFINITE_RECURSION = YES;
				CLANG_WARN_INT_CONVERSION = YES;
				CLANG_WARN_NON_LITERAL_NULL_CONVERSION = YES;
				CLANG_WARN_OBJC_IMPLICIT_RETAIN_SELF = YES;
				CLANG_WARN_OBJC_LITERAL_CONVERSION = YES;
				CLANG_WARN_OBJC_ROOT_CLASS = YES_ERROR;
				CLANG_WARN_QUOTED_INCLUDE_IN_FRAMEWORK_HEADER = YES;
				CLANG_WARN_RANGE_LOOP_ANALYSIS = YES;
				CLANG_WARN_STRICT_PROTOTYPES = YES;
				CLANG_WARN_SUSPICIOUS_MOVE = YES;
				CLANG_WARN_UNGUARDED_AVAILABILITY = YES_AGGRESSIVE;
				CLANG_WARN_UNREACHABLE_CODE = YES;
				CLANG_WARN__DUPLICATE_METHOD_MATCH = YES;
				COPY_PHASE_STRIP = NO;
				DEBUG_INFORMATION_FORMAT = dwarf;
				ENABLE_STRICT_OBJC_MSGSEND = YES;
				ENABLE_TESTABILITY = YES;
				ENABLE_USER_SCRIPT_SANDBOXING = YES;
				GCC_C_LANGUAGE_STANDARD = gnu17;
				GCC_DYNAMIC_NO_PIC = NO;
				GCC_NO_COMMON_BLOCKS = YES;
				GCC_OPTIMIZATION_LEVEL = 0;
				GCC_PREPROCESSOR_DEFINITIONS = (
					"DEBUG=1",
					"$(inherited)",
				);
				GCC_WARN_64_TO_32_BIT_CONVERSION = YES;
				GCC_WARN_ABOUT_RETURN_TYPE = YES_ERROR;
				GCC_WARN_UNDECLARED_SELECTOR = YES;
				GCC_WARN_UNINITIALIZED_AUTOS = YES_AGGRESSIVE;
				GCC_WARN_UNUSED_FUNCTION = YES;
				GCC_WARN_UNUSED_VARIABLE = YES;
				LOCALIZATION_PREFERS_STRING_CATALOGS = YES;
				MTL_ENABLE_DEBUG_INFO = INCLUDE_SOURCE;
				MTL_FAST_MATH = YES;
				ONLY_ACTIVE_ARCH = YES;
				SWIFT_ACTIVE_COMPILATION_CONDITIONS = "DEBUG $(inherited)";
				SWIFT_OPTIMIZATION_LEVEL = "-Onone";
			};
			name = Debug;
		};
		2BBADB0C2C143F5E0085B397 /* Release */ = {
			isa = XCBuildConfiguration;
			buildSettings = {
				ALWAYS_SEARCH_USER_PATHS = NO;
				ASSETCATALOG_COMPILER_GENERATE_SWIFT_ASSET_SYMBOL_EXTENSIONS = YES;
				CLANG_ANALYZER_NONNULL = YES;
				CLANG_ANALYZER_NUMBER_OBJECT_CONVERSION = YES_AGGRESSIVE;
				CLANG_CXX_LANGUAGE_STANDARD = "gnu++20";
				CLANG_ENABLE_MODULES = YES;
				CLANG_ENABLE_OBJC_ARC = YES;
				CLANG_ENABLE_OBJC_WEAK = YES;
				CLANG_WARN_BLOCK_CAPTURE_AUTORELEASING = YES;
				CLANG_WARN_BOOL_CONVERSION = YES;
				CLANG_WARN_COMMA = YES;
				CLANG_WARN_CONSTANT_CONVERSION = YES;
				CLANG_WARN_DEPRECATED_OBJC_IMPLEMENTATIONS = YES;
				CLANG_WARN_DIRECT_OBJC_ISA_USAGE = YES_ERROR;
				CLANG_WARN_DOCUMENTATION_COMMENTS = YES;
				CLANG_WARN_EMPTY_BODY = YES;
				CLANG_WARN_ENUM_CONVERSION = YES;
				CLANG_WARN_INFINITE_RECURSION = YES;
				CLANG_WARN_INT_CONVERSION = YES;
				CLANG_WARN_NON_LITERAL_NULL_CONVERSION = YES;
				CLANG_WARN_OBJC_IMPLICIT_RETAIN_SELF = YES;
				CLANG_WARN_OBJC_LITERAL_CONVERSION = YES;
				CLANG_WARN_OBJC_ROOT_CLASS = YES_ERROR;
				CLANG_WARN_QUOTED_INCLUDE_IN_FRAMEWORK_HEADER = YES;
				CLANG_WARN_RANGE_LOOP_ANALYSIS = YES;
				CLANG_WARN_STRICT_PROTOTYPES = YES;
				CLANG_WARN_SUSPICIOUS_MOVE = YES;
				CLANG_WARN_UNGUARDED_AVAILABILITY = YES_AGGRESSIVE;
				CLANG_WARN_UNREACHABLE_CODE = YES;
				CLANG_WARN__DUPLICATE_METHOD_MATCH = YES;
				COPY_PHASE_STRIP = NO;
				DEBUG_INFORMATION_FORMAT = "dwarf-with-dsym";
				ENABLE_NS_ASSERTIONS = NO;
				ENABLE_STRICT_OBJC_MSGSEND = YES;
				ENABLE_USER_SCRIPT_SANDBOXING = YES;
				GCC_C_LANGUAGE_STANDARD = gnu17;
				GCC_NO_COMMON_BLOCKS = YES;
				GCC_WARN_64_TO_32_BIT_CONVERSION = YES;
				GCC_WARN_ABOUT_RETURN_TYPE = YES_ERROR;
				GCC_WARN_UNDECLARED_SELECTOR = YES;
				GCC_WARN_UNINITIALIZED_AUTOS = YES_AGGRESSIVE;
				GCC_WARN_UNUSED_FUNCTION = YES;
				GCC_WARN_UNUSED_VARIABLE = YES;
				LOCALIZATION_PREFERS_STRING_CATALOGS = YES;
				MTL_ENABLE_DEBUG_INFO = NO;
				MTL_FAST_MATH = YES;
				SWIFT_COMPILATION_MODE = wholemodule;
			};
			name = Release;
		};
		2BBADB0E2C143F5E0085B397 /* Debug */ = {
			isa = XCBuildConfiguration;
			buildSettings = {
				ASSETCATALOG_COMPILER_APPICON_NAME = AppIcon;
				ASSETCATALOG_COMPILER_GLOBAL_ACCENT_COLOR_NAME = AccentColor;
				CODE_SIGN_ENTITLEMENTS = UltimatePortfolio/Configuration/UltimatePortfolio.entitlements;
				CODE_SIGN_STYLE = Automatic;
				CURRENT_PROJECT_VERSION = 1;
				DEVELOPMENT_ASSET_PATHS = "\"UltimatePortfolio/Preview Content\"";
				DEVELOPMENT_TEAM = VPNR8289C6;
				ENABLE_HARDENED_RUNTIME = YES;
				ENABLE_PREVIEWS = YES;
				ENABLE_USER_SCRIPT_SANDBOXING = NO;
				GENERATE_INFOPLIST_FILE = YES;
				INFOPLIST_FILE = UltimatePortfolio/Configuration/Info.plist;
				"INFOPLIST_KEY_UIApplicationSceneManifest_Generation[sdk=iphoneos*]" = YES;
				"INFOPLIST_KEY_UIApplicationSceneManifest_Generation[sdk=iphonesimulator*]" = YES;
				"INFOPLIST_KEY_UIApplicationSupportsIndirectInputEvents[sdk=iphoneos*]" = YES;
				"INFOPLIST_KEY_UIApplicationSupportsIndirectInputEvents[sdk=iphonesimulator*]" = YES;
				"INFOPLIST_KEY_UILaunchScreen_Generation[sdk=iphoneos*]" = YES;
				"INFOPLIST_KEY_UILaunchScreen_Generation[sdk=iphonesimulator*]" = YES;
				"INFOPLIST_KEY_UIStatusBarStyle[sdk=iphoneos*]" = UIStatusBarStyleDefault;
				"INFOPLIST_KEY_UIStatusBarStyle[sdk=iphonesimulator*]" = UIStatusBarStyleDefault;
				INFOPLIST_KEY_UISupportedInterfaceOrientations_iPad = "UIInterfaceOrientationPortrait UIInterfaceOrientationPortraitUpsideDown UIInterfaceOrientationLandscapeLeft UIInterfaceOrientationLandscapeRight";
				INFOPLIST_KEY_UISupportedInterfaceOrientations_iPhone = "UIInterfaceOrientationPortrait UIInterfaceOrientationLandscapeLeft UIInterfaceOrientationLandscapeRight";
				IPHONEOS_DEPLOYMENT_TARGET = 17.5;
				LD_RUNPATH_SEARCH_PATHS = "@executable_path/Frameworks";
				"LD_RUNPATH_SEARCH_PATHS[sdk=macosx*]" = "@executable_path/../Frameworks";
				MACOSX_DEPLOYMENT_TARGET = 14.1;
				MARKETING_VERSION = 1.0;
				PRODUCT_BUNDLE_IDENTIFIER = avdn.dev.UltimatePortfolio;
				PRODUCT_NAME = "$(TARGET_NAME)";
				SDKROOT = auto;
				SUPPORTED_PLATFORMS = "iphoneos iphonesimulator macosx";
				SWIFT_EMIT_LOC_STRINGS = YES;
				SWIFT_VERSION = 5.0;
				TARGETED_DEVICE_FAMILY = "1,2";
			};
			name = Debug;
		};
		2BBADB0F2C143F5E0085B397 /* Release */ = {
			isa = XCBuildConfiguration;
			buildSettings = {
				ASSETCATALOG_COMPILER_APPICON_NAME = AppIcon;
				ASSETCATALOG_COMPILER_GLOBAL_ACCENT_COLOR_NAME = AccentColor;
				CODE_SIGN_ENTITLEMENTS = UltimatePortfolio/Configuration/UltimatePortfolio.entitlements;
				CODE_SIGN_STYLE = Automatic;
				CURRENT_PROJECT_VERSION = 1;
				DEVELOPMENT_ASSET_PATHS = "\"UltimatePortfolio/Preview Content\"";
				DEVELOPMENT_TEAM = VPNR8289C6;
				ENABLE_HARDENED_RUNTIME = YES;
				ENABLE_PREVIEWS = YES;
				ENABLE_USER_SCRIPT_SANDBOXING = NO;
				GENERATE_INFOPLIST_FILE = YES;
				INFOPLIST_FILE = UltimatePortfolio/Configuration/Info.plist;
				"INFOPLIST_KEY_UIApplicationSceneManifest_Generation[sdk=iphoneos*]" = YES;
				"INFOPLIST_KEY_UIApplicationSceneManifest_Generation[sdk=iphonesimulator*]" = YES;
				"INFOPLIST_KEY_UIApplicationSupportsIndirectInputEvents[sdk=iphoneos*]" = YES;
				"INFOPLIST_KEY_UIApplicationSupportsIndirectInputEvents[sdk=iphonesimulator*]" = YES;
				"INFOPLIST_KEY_UILaunchScreen_Generation[sdk=iphoneos*]" = YES;
				"INFOPLIST_KEY_UILaunchScreen_Generation[sdk=iphonesimulator*]" = YES;
				"INFOPLIST_KEY_UIStatusBarStyle[sdk=iphoneos*]" = UIStatusBarStyleDefault;
				"INFOPLIST_KEY_UIStatusBarStyle[sdk=iphonesimulator*]" = UIStatusBarStyleDefault;
				INFOPLIST_KEY_UISupportedInterfaceOrientations_iPad = "UIInterfaceOrientationPortrait UIInterfaceOrientationPortraitUpsideDown UIInterfaceOrientationLandscapeLeft UIInterfaceOrientationLandscapeRight";
				INFOPLIST_KEY_UISupportedInterfaceOrientations_iPhone = "UIInterfaceOrientationPortrait UIInterfaceOrientationLandscapeLeft UIInterfaceOrientationLandscapeRight";
				IPHONEOS_DEPLOYMENT_TARGET = 17.5;
				LD_RUNPATH_SEARCH_PATHS = "@executable_path/Frameworks";
				"LD_RUNPATH_SEARCH_PATHS[sdk=macosx*]" = "@executable_path/../Frameworks";
				MACOSX_DEPLOYMENT_TARGET = 14.1;
				MARKETING_VERSION = 1.0;
				PRODUCT_BUNDLE_IDENTIFIER = avdn.dev.UltimatePortfolio;
				PRODUCT_NAME = "$(TARGET_NAME)";
				SDKROOT = auto;
				SUPPORTED_PLATFORMS = "iphoneos iphonesimulator macosx";
				SWIFT_EMIT_LOC_STRINGS = YES;
				SWIFT_VERSION = 5.0;
				TARGETED_DEVICE_FAMILY = "1,2";
			};
			name = Release;
		};
/* End XCBuildConfiguration section */

/* Begin XCConfigurationList section */
		2B66A5F52C1D560500481823 /* Build configuration list for PBXNativeTarget "UltimatePortfolioTests" */ = {
			isa = XCConfigurationList;
			buildConfigurations = (
				2B66A5F62C1D560500481823 /* Debug */,
				2B66A5F72C1D560500481823 /* Release */,
			);
			defaultConfigurationIsVisible = 0;
			defaultConfigurationName = Release;
		};
		2B66A6162C1D75DE00481823 /* Build configuration list for PBXNativeTarget "UltimatePortfolioUITests" */ = {
			isa = XCConfigurationList;
			buildConfigurations = (
				2B66A6172C1D75DE00481823 /* Debug */,
				2B66A6182C1D75DE00481823 /* Release */,
			);
			defaultConfigurationIsVisible = 0;
			defaultConfigurationName = Release;
		};
		2BBADAF42C143F5C0085B397 /* Build configuration list for PBXProject "UltimatePortfolio" */ = {
			isa = XCConfigurationList;
			buildConfigurations = (
				2BBADB0B2C143F5E0085B397 /* Debug */,
				2BBADB0C2C143F5E0085B397 /* Release */,
			);
			defaultConfigurationIsVisible = 0;
			defaultConfigurationName = Release;
		};
		2BBADB0D2C143F5E0085B397 /* Build configuration list for PBXNativeTarget "UltimatePortfolio" */ = {
			isa = XCConfigurationList;
			buildConfigurations = (
				2BBADB0E2C143F5E0085B397 /* Debug */,
				2BBADB0F2C143F5E0085B397 /* Release */,
			);
			defaultConfigurationIsVisible = 0;
			defaultConfigurationName = Release;
		};
/* End XCConfigurationList section */

/* Begin XCVersionGroup section */
		2BBADB002C143F5C0085B397 /* UltimatePortfolio.xcdatamodeld */ = {
			isa = XCVersionGroup;
			children = (
				2BBADB012C143F5C0085B397 /* UltimatePortfolio.xcdatamodel */,
			);
			currentVersion = 2BBADB012C143F5C0085B397 /* UltimatePortfolio.xcdatamodel */;
			path = UltimatePortfolio.xcdatamodeld;
			sourceTree = "<group>";
			versionGroupType = wrapper.xcdatamodel;
		};
		2BBADB102C1443410085B397 /* Main.xcdatamodeld */ = {
			isa = XCVersionGroup;
			children = (
				2BBADB112C1443410085B397 /* Main.xcdatamodel */,
			);
			currentVersion = 2BBADB112C1443410085B397 /* Main.xcdatamodel */;
			path = Main.xcdatamodeld;
			sourceTree = "<group>";
			versionGroupType = wrapper.xcdatamodel;
		};
/* End XCVersionGroup section */
	};
	rootObject = 2BBADAF12C143F5C0085B397 /* Project object */;
}
